
Microsoft Visual Studio Solution File, Format Version 12.00
# Visual Studio Version 17
VisualStudioVersion = 17.1.32228.430
MinimumVisualStudioVersion = 10.0.40219.1
Project("{888888A0-9F3D-457C-B088-3A5042F75D52}") = "Sal'sShipping", "Sal'sShipping\Sal'sShipping.pyproj", "{F05A95E7-0342-4C74-B558-D1CCA0C03D97}"
EndProject
Global
	GlobalSection(SolutionConfigurationPlatforms) = preSolution
		Debug|Any CPU = Debug|Any CPU
		Release|Any CPU = Release|Any CPU
	EndGlobalSection
	GlobalSection(ProjectConfigurationPlatforms) = postSolution
		{F05A95E7-0342-4C74-B558-D1CCA0C03D97}.Debug|Any CPU.ActiveCfg = Debug|Any CPU
		{F05A95E7-0342-4C74-B558-D1CCA0C03D97}.Release|Any CPU.ActiveCfg = Release|Any CPU
	EndGlobalSection
	GlobalSection(SolutionProperties) = preSolution
		HideSolutionNode = FALSE
	EndGlobalSection
	GlobalSection(ExtensibilityGlobals) = postSolution
		SolutionGuid = {6244BE65-31A8-49A1-9847-505CBC84B9F1}
	EndGlobalSection
EndGlobal
